
Microsoft Visual Studio Solution File, Format Version 12.00
# Visual Studio 14
VisualStudioVersion = 14.0.24720.0
MinimumVisualStudioVersion = 10.0.40219.1
Project("{FAE04EC0-301F-11D3-BF4B-00C04F79EFBC}") = "RiskItForTheBiscuit", "RiskItForTheBiscuit\RiskItForTheBiscuit.csproj", "{66DD698B-F847-488C-AB3E-E1A5EB9F9753}"
EndProject
Project("{FAE04EC0-301F-11D3-BF4B-00C04F79EFBC}") = "RiskItForTheBiscuitTest", "RiskItForTheBiscuitTest\RiskItForTheBiscuitTest.csproj", "{A43596BF-F706-4E81-9CEF-3DDF5775108C}"
EndProject
Global
	GlobalSection(SolutionConfigurationPlatforms) = preSolution
		Debug|Any CPU = Debug|Any CPU
		Release|Any CPU = Release|Any CPU
	EndGlobalSection
	GlobalSection(ProjectConfigurationPlatforms) = postSolution
		{66DD698B-F847-488C-AB3E-E1A5EB9F9753}.Debug|Any CPU.ActiveCfg = Debug|Any CPU
		{66DD698B-F847-488C-AB3E-E1A5EB9F9753}.Debug|Any CPU.Build.0 = Debug|Any CPU
		{66DD698B-F847-488C-AB3E-E1A5EB9F9753}.Release|Any CPU.ActiveCfg = Release|Any CPU
		{66DD698B-F847-488C-AB3E-E1A5EB9F9753}.Release|Any CPU.Build.0 = Release|Any CPU
		{A43596BF-F706-4E81-9CEF-3DDF5775108C}.Debug|Any CPU.ActiveCfg = Debug|Any CPU
		{A43596BF-F706-4E81-9CEF-3DDF5775108C}.Debug|Any CPU.Build.0 = Debug|Any CPU
		{A43596BF-F706-4E81-9CEF-3DDF5775108C}.Release|Any CPU.ActiveCfg = Release|Any CPU
		{A43596BF-F706-4E81-9CEF-3DDF5775108C}.Release|Any CPU.Build.0 = Release|Any CPU
	EndGlobalSection
	GlobalSection(SolutionProperties) = preSolution
		HideSolutionNode = FALSE
	EndGlobalSection
EndGlobal
